// !$*UTF8*$!
{
	archiveVersion = 1;
	classes = {
	};
	objectVersion = 45;
	objects = {

/* Begin PBXBuildFile section */
		030606B1105A83EC00A3E14E /* UIApplication_TLCommon.h in Headers */ = {isa = PBXBuildFile; fileRef = 030606AF105A83EC00A3E14E /* UIApplication_TLCommon.h */; };
		030606B2105A83EC00A3E14E /* UIApplication_TLCommon.m in Sources */ = {isa = PBXBuildFile; fileRef = 030606B0105A83EC00A3E14E /* UIApplication_TLCommon.m */; };
		0306078B105AA77600A3E14E /* BOOL_TLCommon.h in Headers */ = {isa = PBXBuildFile; fileRef = 0306078A105AA77600A3E14E /* BOOL_TLCommon.h */; };
		03060796105AA7DE00A3E14E /* TLMersenneTwister.h in Headers */ = {isa = PBXBuildFile; fileRef = 03060794105AA7DE00A3E14E /* TLMersenneTwister.h */; };
		03060797105AA7DE00A3E14E /* TLMersenneTwister.m in Sources */ = {isa = PBXBuildFile; fileRef = 03060795105AA7DE00A3E14E /* TLMersenneTwister.m */; };
		0313024C1055708A00189879 /* UIImage_TLCommon.h in Headers */ = {isa = PBXBuildFile; fileRef = 0313024A1055708A00189879 /* UIImage_TLCommon.h */; };
		0313024D1055708A00189879 /* UIImage_TLCommon.m in Sources */ = {isa = PBXBuildFile; fileRef = 0313024B1055708A00189879 /* UIImage_TLCommon.m */; };
		0313024F1055709700189879 /* TLCommon.h in Headers */ = {isa = PBXBuildFile; fileRef = 0313024E1055709700189879 /* TLCommon.h */; };
		03166A6F1096274200C628BB /* TLStyledTextFragment.h in Headers */ = {isa = PBXBuildFile; fileRef = 03166A6D1096274200C628BB /* TLStyledTextFragment.h */; };
		03166A701096274200C628BB /* TLStyledTextFragment.m in Sources */ = {isa = PBXBuildFile; fileRef = 03166A6E1096274200C628BB /* TLStyledTextFragment.m */; };
		03166A731096277A00C628BB /* TLStyledTextStyle.h in Headers */ = {isa = PBXBuildFile; fileRef = 03166A711096277A00C628BB /* TLStyledTextStyle.h */; };
		03166A741096277A00C628BB /* TLStyledTextStyle.m in Sources */ = {isa = PBXBuildFile; fileRef = 03166A721096277A00C628BB /* TLStyledTextStyle.m */; };
		03166A77109628AB00C628BB /* TLStyledTextBlock.h in Headers */ = {isa = PBXBuildFile; fileRef = 03166A75109628AB00C628BB /* TLStyledTextBlock.h */; };
		03166A78109628AB00C628BB /* TLStyledTextBlock.m in Sources */ = {isa = PBXBuildFile; fileRef = 03166A76109628AB00C628BB /* TLStyledTextBlock.m */; };
		03233F241084D2DF00743A22 /* NSMutableArray_TLCommon.h in Headers */ = {isa = PBXBuildFile; fileRef = 03233F221084D2DF00743A22 /* NSMutableArray_TLCommon.h */; };
		03233F251084D2DF00743A22 /* NSMutableArray_TLCommon.m in Sources */ = {isa = PBXBuildFile; fileRef = 03233F231084D2DF00743A22 /* NSMutableArray_TLCommon.m */; };
		033208B710ADFD18005D4FD6 /* TLEditInPlaceTableViewCell.m in Sources */ = {isa = PBXBuildFile; fileRef = 0332087910ADF937005D4FD6 /* TLEditInPlaceTableViewCell.m */; };
		033FBD821070F89800BD4D83 /* CGContext_TLCommon.h in Headers */ = {isa = PBXBuildFile; fileRef = 033FBD801070F89800BD4D83 /* CGContext_TLCommon.h */; };
		033FBD831070F89800BD4D83 /* CGContext_TLCommon.m in Sources */ = {isa = PBXBuildFile; fileRef = 033FBD811070F89800BD4D83 /* CGContext_TLCommon.m */; };
		034040951055C375004B4909 /* TLSavedState.h in Headers */ = {isa = PBXBuildFile; fileRef = 034040931055C375004B4909 /* TLSavedState.h */; };
		034040961055C375004B4909 /* TLSavedState.m in Sources */ = {isa = PBXBuildFile; fileRef = 034040941055C375004B4909 /* TLSavedState.m */; };
		034041C810569BAA004B4909 /* TLCustomDrawnTableViewCell.h in Headers */ = {isa = PBXBuildFile; fileRef = 034041C610569BAA004B4909 /* TLCustomDrawnTableViewCell.h */; };
		034041C910569BAA004B4909 /* TLCustomDrawnTableViewCell.m in Sources */ = {isa = PBXBuildFile; fileRef = 034041C710569BAA004B4909 /* TLCustomDrawnTableViewCell.m */; };
		034043511056F401004B4909 /* TLNonBlockingCache.h in Headers */ = {isa = PBXBuildFile; fileRef = 0340434F1056F401004B4909 /* TLNonBlockingCache.h */; };
		034043521056F401004B4909 /* TLNonBlockingCache.m in Sources */ = {isa = PBXBuildFile; fileRef = 034043501056F401004B4909 /* TLNonBlockingCache.m */; };
		034043571056F415004B4909 /* TLNonBlockingCacheDelegate.h in Headers */ = {isa = PBXBuildFile; fileRef = 034043551056F415004B4909 /* TLNonBlockingCacheDelegate.h */; };
		0340435A1056F6B7004B4909 /* NSString_TLCommon.h in Headers */ = {isa = PBXBuildFile; fileRef = 034043581056F6B7004B4909 /* NSString_TLCommon.h */; };
		0340435B1056F6B7004B4909 /* NSString_TLCommon.m in Sources */ = {isa = PBXBuildFile; fileRef = 034043591056F6B7004B4909 /* NSString_TLCommon.m */; };
		034043601056F72C004B4909 /* NSFileManager_TLCommon.h in Headers */ = {isa = PBXBuildFile; fileRef = 0340435E1056F72C004B4909 /* NSFileManager_TLCommon.h */; };
		034043611056F72C004B4909 /* NSFileManager_TLCommon.m in Sources */ = {isa = PBXBuildFile; fileRef = 0340435F1056F72C004B4909 /* NSFileManager_TLCommon.m */; };
		034043DB10570F2E004B4909 /* TLScrollingSegmentedControl.h in Headers */ = {isa = PBXBuildFile; fileRef = 034043D910570F2E004B4909 /* TLScrollingSegmentedControl.h */; };
		034043DC10570F2E004B4909 /* TLScrollingSegmentedControl.m in Sources */ = {isa = PBXBuildFile; fileRef = 034043DA10570F2E004B4909 /* TLScrollingSegmentedControl.m */; };
		034043DE10570F4E004B4909 /* TLScrollingSegmentedControlDelegate.h in Headers */ = {isa = PBXBuildFile; fileRef = 034043DD10570F4E004B4909 /* TLScrollingSegmentedControlDelegate.h */; };
		034043E31057102D004B4909 /* QuartzCore.framework in Frameworks */ = {isa = PBXBuildFile; fileRef = 034043E21057102D004B4909 /* QuartzCore.framework */; };
		0340444510571719004B4909 /* NSDictionary_TLCommon.h in Headers */ = {isa = PBXBuildFile; fileRef = 0340444310571719004B4909 /* NSDictionary_TLCommon.h */; };
		0340444610571719004B4909 /* NSDictionary_TLCommon.m in Sources */ = {isa = PBXBuildFile; fileRef = 0340444410571719004B4909 /* NSDictionary_TLCommon.m */; };
		0340445210571BE0004B4909 /* NSDate_TLCommon.h in Headers */ = {isa = PBXBuildFile; fileRef = 0340445010571BE0004B4909 /* NSDate_TLCommon.h */; };
		0340445310571BE0004B4909 /* NSDate_TLCommon.m in Sources */ = {isa = PBXBuildFile; fileRef = 0340445110571BE0004B4909 /* NSDate_TLCommon.m */; };
		034E021510A210330021D494 /* TLTwitterClient.m in Sources */ = {isa = PBXBuildFile; fileRef = 034E01E810A2003D0021D494 /* TLTwitterClient.m */; };
		034E0DDA10A9C4440021D494 /* TLActionSheetController.m in Sources */ = {isa = PBXBuildFile; fileRef = 034E0DD910A9C4440021D494 /* TLActionSheetController.m */; };
		034E0DFD10A9CCAF0021D494 /* TLActionSheetController.m in Sources */ = {isa = PBXBuildFile; fileRef = 034E0DD910A9C4440021D494 /* TLActionSheetController.m */; };
		03509434108B756500DE1475 /* TLLoadingView.h in Headers */ = {isa = PBXBuildFile; fileRef = 03509432108B756500DE1475 /* TLLoadingView.h */; };
		03509435108B756500DE1475 /* TLLoadingView.m in Sources */ = {isa = PBXBuildFile; fileRef = 03509433108B756500DE1475 /* TLLoadingView.m */; };
		0354CF4210911EC400A24522 /* TLMacros.h in Headers */ = {isa = PBXBuildFile; fileRef = 0354CF4110911EC400A24522 /* TLMacros.h */; };
		0370D6601082047F002A46BB /* UIImageView_TLCommon.h in Headers */ = {isa = PBXBuildFile; fileRef = 0370D65E1082047F002A46BB /* UIImageView_TLCommon.h */; };
		0370D6611082047F002A46BB /* UIImageView_TLCommon.m in Sources */ = {isa = PBXBuildFile; fileRef = 0370D65F1082047F002A46BB /* UIImageView_TLCommon.m */; };
		037C7C37107D83E50009B2FE /* TLTableViewCell.h in Headers */ = {isa = PBXBuildFile; fileRef = 037C7C35107D83E50009B2FE /* TLTableViewCell.h */; };
		037C7C38107D83E50009B2FE /* TLTableViewCell.m in Sources */ = {isa = PBXBuildFile; fileRef = 037C7C36107D83E50009B2FE /* TLTableViewCell.m */; };
		0383494E105928F300BFBBC7 /* UIAlertView_TLCommon.h in Headers */ = {isa = PBXBuildFile; fileRef = 0383494C105928F300BFBBC7 /* UIAlertView_TLCommon.h */; };
		0383494F105928F300BFBBC7 /* UIAlertView_TLCommon.m in Sources */ = {isa = PBXBuildFile; fileRef = 0383494D105928F300BFBBC7 /* UIAlertView_TLCommon.m */; };
		038349C31059375E00BFBBC7 /* NSData_TLCommon.h in Headers */ = {isa = PBXBuildFile; fileRef = 038349C11059375E00BFBBC7 /* NSData_TLCommon.h */; };
		038349C41059375E00BFBBC7 /* NSData_TLCommon.m in Sources */ = {isa = PBXBuildFile; fileRef = 038349C21059375E00BFBBC7 /* NSData_TLCommon.m */; };
		03834AB610594DFB00BFBBC7 /* UIBarButtonItem_TLCommon.h in Headers */ = {isa = PBXBuildFile; fileRef = 03834AB410594DFB00BFBBC7 /* UIBarButtonItem_TLCommon.h */; };
		03834AB710594DFB00BFBBC7 /* UIBarButtonItem_TLCommon.m in Sources */ = {isa = PBXBuildFile; fileRef = 03834AB510594DFB00BFBBC7 /* UIBarButtonItem_TLCommon.m */; };
		03834B33105976FB00BFBBC7 /* TLModalActivityIndicatorView.h in Headers */ = {isa = PBXBuildFile; fileRef = 03834B31105976FB00BFBBC7 /* TLModalActivityIndicatorView.h */; };
		03834B34105976FB00BFBBC7 /* TLModalActivityIndicatorView.m in Sources */ = {isa = PBXBuildFile; fileRef = 03834B32105976FB00BFBBC7 /* TLModalActivityIndicatorView.m */; };
		038800D51078D6B100AF568C /* UIColor_TLCommon.h in Headers */ = {isa = PBXBuildFile; fileRef = 038800D31078D6B100AF568C /* UIColor_TLCommon.h */; };
		038800D61078D6B100AF568C /* UIColor_TLCommon.m in Sources */ = {isa = PBXBuildFile; fileRef = 038800D41078D6B100AF568C /* UIColor_TLCommon.m */; };
		0395E19E1086669C00F6F0F8 /* TLDrawnText.h in Headers */ = {isa = PBXBuildFile; fileRef = 0395E19C1086669C00F6F0F8 /* TLDrawnText.h */; };
		0395E19F1086669C00F6F0F8 /* TLDrawnText.m in Sources */ = {isa = PBXBuildFile; fileRef = 0395E19D1086669C00F6F0F8 /* TLDrawnText.m */; };
		0395E593108768A400F6F0F8 /* UITableViewCell_TLCommon.h in Headers */ = {isa = PBXBuildFile; fileRef = 0395E591108768A400F6F0F8 /* UITableViewCell_TLCommon.h */; };
		0395E594108768A400F6F0F8 /* UITableViewCell_TLCommon.m in Sources */ = {isa = PBXBuildFile; fileRef = 0395E592108768A400F6F0F8 /* UITableViewCell_TLCommon.m */; };
		0395EC9D108932B600F6F0F8 /* NSMutableString_TLCommon.h in Headers */ = {isa = PBXBuildFile; fileRef = 0395EC9B108932B600F6F0F8 /* NSMutableString_TLCommon.h */; };
		0395EC9E108932B600F6F0F8 /* NSMutableString_TLCommon.m in Sources */ = {isa = PBXBuildFile; fileRef = 0395EC9C108932B600F6F0F8 /* NSMutableString_TLCommon.m */; };
		03C62F1210627062006537EF /* NSMutableDictionary_TLCommon.h in Headers */ = {isa = PBXBuildFile; fileRef = 03C62F1010627062006537EF /* NSMutableDictionary_TLCommon.h */; };
		03C62F1310627062006537EF /* NSMutableDictionary_TLCommon.m in Sources */ = {isa = PBXBuildFile; fileRef = 03C62F1110627062006537EF /* NSMutableDictionary_TLCommon.m */; };
		03C62F411062812E006537EF /* UIActivityIndicatorView_TLCommon.h in Headers */ = {isa = PBXBuildFile; fileRef = 03C62F3F1062812E006537EF /* UIActivityIndicatorView_TLCommon.h */; };
		03C62F421062812E006537EF /* UIActivityIndicatorView_TLCommon.m in Sources */ = {isa = PBXBuildFile; fileRef = 03C62F401062812E006537EF /* UIActivityIndicatorView_TLCommon.m */; };
		03D9DF18104BFEDA00B1BA77 /* UIViewController_TLCommon.h in Headers */ = {isa = PBXBuildFile; fileRef = 03D9DF16104BFEDA00B1BA77 /* UIViewController_TLCommon.h */; };
		03D9DF19104BFEDA00B1BA77 /* UIViewController_TLCommon.m in Sources */ = {isa = PBXBuildFile; fileRef = 03D9DF17104BFEDA00B1BA77 /* UIViewController_TLCommon.m */; };
		03DA9B9310978AC3005A34B2 /* TLWebViewController.h in Headers */ = {isa = PBXBuildFile; fileRef = 03DA9B9110978AC3005A34B2 /* TLWebViewController.h */; };
		03DA9B9410978AC3005A34B2 /* TLWebViewController.m in Sources */ = {isa = PBXBuildFile; fileRef = 03DA9B9210978AC3005A34B2 /* TLWebViewController.m */; };
		03DA9B9E10978E19005A34B2 /* UIWebView_TLCommon.h in Headers */ = {isa = PBXBuildFile; fileRef = 03DA9B9C10978E19005A34B2 /* UIWebView_TLCommon.h */; };
		03DA9B9F10978E19005A34B2 /* UIWebView_TLCommon.m in Sources */ = {isa = PBXBuildFile; fileRef = 03DA9B9D10978E19005A34B2 /* UIWebView_TLCommon.m */; };
		03DE4776108255EF00BE3F59 /* UIFont_TLCommon.h in Headers */ = {isa = PBXBuildFile; fileRef = 03DE4774108255EF00BE3F59 /* UIFont_TLCommon.h */; };
		03DE4777108255EF00BE3F59 /* UIFont_TLCommon.m in Sources */ = {isa = PBXBuildFile; fileRef = 03DE4775108255EF00BE3F59 /* UIFont_TLCommon.m */; };
		03E0624D106A470F00875DD4 /* TLRand.h in Headers */ = {isa = PBXBuildFile; fileRef = 03E0624B106A470F00875DD4 /* TLRand.h */; };
		03E0624E106A470F00875DD4 /* TLRand.m in Sources */ = {isa = PBXBuildFile; fileRef = 03E0624C106A470F00875DD4 /* TLRand.m */; };
		03E13CE6105FBF8400D7D936 /* UITableView_TLCommon.h in Headers */ = {isa = PBXBuildFile; fileRef = 03E13CE4105FBF8400D7D936 /* UITableView_TLCommon.h */; };
		03E13CE7105FBF8400D7D936 /* UITableView_TLCommon.m in Sources */ = {isa = PBXBuildFile; fileRef = 03E13CE5105FBF8400D7D936 /* UITableView_TLCommon.m */; };
		03E14201106135B100D7D936 /* CLLocation_TLCommon.h in Headers */ = {isa = PBXBuildFile; fileRef = 03E141FF106135B100D7D936 /* CLLocation_TLCommon.h */; };
		03E14202106135B100D7D936 /* CLLocation_TLCommon.m in Sources */ = {isa = PBXBuildFile; fileRef = 03E14200106135B100D7D936 /* CLLocation_TLCommon.m */; };
		03E142061061362E00D7D936 /* CoreLocation.framework in Frameworks */ = {isa = PBXBuildFile; fileRef = 03E142051061362E00D7D936 /* CoreLocation.framework */; };
		03F0EC2B109BB21000B938CA /* TLActionSheet.h in Headers */ = {isa = PBXBuildFile; fileRef = 03F0EC29109BB21000B938CA /* TLActionSheet.h */; };
		03F0EC2C109BB21000B938CA /* TLActionSheet.m in Sources */ = {isa = PBXBuildFile; fileRef = 03F0EC2A109BB21000B938CA /* TLActionSheet.m */; };
		03F0EF82109FAE0A00B938CA /* TLBloomFilter.m in Sources */ = {isa = PBXBuildFile; fileRef = 03F0EF80109FAE0A00B938CA /* TLBloomFilter.m */; };
		03F0EF83109FAE0A00B938CA /* TLBloomFilter.h in Headers */ = {isa = PBXBuildFile; fileRef = 03F0EF81109FAE0A00B938CA /* TLBloomFilter.h */; };
		03F0EFC3109FB72600B938CA /* TestTLBloomFilter.m in Sources */ = {isa = PBXBuildFile; fileRef = 03F0EFC2109FB72600B938CA /* TestTLBloomFilter.m */; };
		03F0EFE5109FBA7F00B938CA /* TLBloomFilter.m in Sources */ = {isa = PBXBuildFile; fileRef = 03F0EF80109FAE0A00B938CA /* TLBloomFilter.m */; };
		03F0EFFF109FBB0A00B938CA /* NSData_TLCommon.m in Sources */ = {isa = PBXBuildFile; fileRef = 038349C21059375E00BFBBC7 /* NSData_TLCommon.m */; };
		03FD548110C45EA3001B3304 /* NSBundle_TLCommon.m in Sources */ = {isa = PBXBuildFile; fileRef = 03FD542C10C45BBF001B3304 /* NSBundle_TLCommon.m */; };
		03FE415A10518C11003ACE50 /* UITabBarItem_TLCommon.h in Headers */ = {isa = PBXBuildFile; fileRef = 03FE415810518C11003ACE50 /* UITabBarItem_TLCommon.h */; };
		03FE415B10518C11003ACE50 /* UITabBarItem_TLCommon.m in Sources */ = {isa = PBXBuildFile; fileRef = 03FE415910518C11003ACE50 /* UITabBarItem_TLCommon.m */; };
		AA747D9F0F9514B9006C5449 /* TLCommon_Prefix.pch in Headers */ = {isa = PBXBuildFile; fileRef = AA747D9E0F9514B9006C5449 /* TLCommon_Prefix.pch */; };
		AACBBE4A0F95108600F1A2B1 /* Foundation.framework in Frameworks */ = {isa = PBXBuildFile; fileRef = AACBBE490F95108600F1A2B1 /* Foundation.framework */; };
/* End PBXBuildFile section */

/* Begin PBXContainerItemProxy section */
		03F0EFD4109FB82D00B938CA /* PBXContainerItemProxy */ = {
			isa = PBXContainerItemProxy;
			containerPortal = 0867D690FE84028FC02AAC07 /* Project object */;
			proxyType = 1;
			remoteGlobalIDString = 03F0EFBB109FB6FA00B938CA;
			remoteInfo = UnitTests;
		};
/* End PBXContainerItemProxy section */

/* Begin PBXFileReference section */
		030606AF105A83EC00A3E14E /* UIApplication_TLCommon.h */ = {isa = PBXFileReference; fileEncoding = 4; lastKnownFileType = sourcecode.c.h; path = UIApplication_TLCommon.h; sourceTree = "<group>"; };
		030606B0105A83EC00A3E14E /* UIApplication_TLCommon.m */ = {isa = PBXFileReference; fileEncoding = 4; lastKnownFileType = sourcecode.c.objc; path = UIApplication_TLCommon.m; sourceTree = "<group>"; };
		0306078A105AA77600A3E14E /* BOOL_TLCommon.h */ = {isa = PBXFileReference; fileEncoding = 4; lastKnownFileType = sourcecode.c.h; path = BOOL_TLCommon.h; sourceTree = "<group>"; };
		03060794105AA7DE00A3E14E /* TLMersenneTwister.h */ = {isa = PBXFileReference; fileEncoding = 4; lastKnownFileType = sourcecode.c.h; path = TLMersenneTwister.h; sourceTree = "<group>"; };
		03060795105AA7DE00A3E14E /* TLMersenneTwister.m */ = {isa = PBXFileReference; fileEncoding = 4; lastKnownFileType = sourcecode.c.objc; path = TLMersenneTwister.m; sourceTree = "<group>"; };
		0313024A1055708A00189879 /* UIImage_TLCommon.h */ = {isa = PBXFileReference; fileEncoding = 4; lastKnownFileType = sourcecode.c.h; path = UIImage_TLCommon.h; sourceTree = "<group>"; };
		0313024B1055708A00189879 /* UIImage_TLCommon.m */ = {isa = PBXFileReference; fileEncoding = 4; lastKnownFileType = sourcecode.c.objc; path = UIImage_TLCommon.m; sourceTree = "<group>"; };
		0313024E1055709700189879 /* TLCommon.h */ = {isa = PBXFileReference; fileEncoding = 4; lastKnownFileType = sourcecode.c.h; path = TLCommon.h; sourceTree = "<group>"; };
		03166A6D1096274200C628BB /* TLStyledTextFragment.h */ = {isa = PBXFileReference; fileEncoding = 4; lastKnownFileType = sourcecode.c.h; path = TLStyledTextFragment.h; sourceTree = "<group>"; };
		03166A6E1096274200C628BB /* TLStyledTextFragment.m */ = {isa = PBXFileReference; fileEncoding = 4; lastKnownFileType = sourcecode.c.objc; path = TLStyledTextFragment.m; sourceTree = "<group>"; };
		03166A711096277A00C628BB /* TLStyledTextStyle.h */ = {isa = PBXFileReference; fileEncoding = 4; lastKnownFileType = sourcecode.c.h; path = TLStyledTextStyle.h; sourceTree = "<group>"; };
		03166A721096277A00C628BB /* TLStyledTextStyle.m */ = {isa = PBXFileReference; fileEncoding = 4; lastKnownFileType = sourcecode.c.objc; path = TLStyledTextStyle.m; sourceTree = "<group>"; };
		03166A75109628AB00C628BB /* TLStyledTextBlock.h */ = {isa = PBXFileReference; fileEncoding = 4; lastKnownFileType = sourcecode.c.h; path = TLStyledTextBlock.h; sourceTree = "<group>"; };
		03166A76109628AB00C628BB /* TLStyledTextBlock.m */ = {isa = PBXFileReference; fileEncoding = 4; lastKnownFileType = sourcecode.c.objc; path = TLStyledTextBlock.m; sourceTree = "<group>"; };
		03233F221084D2DF00743A22 /* NSMutableArray_TLCommon.h */ = {isa = PBXFileReference; fileEncoding = 4; lastKnownFileType = sourcecode.c.h; path = NSMutableArray_TLCommon.h; sourceTree = "<group>"; };
		03233F231084D2DF00743A22 /* NSMutableArray_TLCommon.m */ = {isa = PBXFileReference; fileEncoding = 4; lastKnownFileType = sourcecode.c.objc; path = NSMutableArray_TLCommon.m; sourceTree = "<group>"; };
		0332087810ADF937005D4FD6 /* TLEditInPlaceTableViewCell.h */ = {isa = PBXFileReference; fileEncoding = 4; lastKnownFileType = sourcecode.c.h; path = TLEditInPlaceTableViewCell.h; sourceTree = "<group>"; };
		0332087910ADF937005D4FD6 /* TLEditInPlaceTableViewCell.m */ = {isa = PBXFileReference; fileEncoding = 4; lastKnownFileType = sourcecode.c.objc; path = TLEditInPlaceTableViewCell.m; sourceTree = "<group>"; };
		033FBD801070F89800BD4D83 /* CGContext_TLCommon.h */ = {isa = PBXFileReference; fileEncoding = 4; lastKnownFileType = sourcecode.c.h; path = CGContext_TLCommon.h; sourceTree = "<group>"; };
		033FBD811070F89800BD4D83 /* CGContext_TLCommon.m */ = {isa = PBXFileReference; fileEncoding = 4; lastKnownFileType = sourcecode.c.objc; path = CGContext_TLCommon.m; sourceTree = "<group>"; };
		034040931055C375004B4909 /* TLSavedState.h */ = {isa = PBXFileReference; fileEncoding = 4; lastKnownFileType = sourcecode.c.h; path = TLSavedState.h; sourceTree = "<group>"; };
		034040941055C375004B4909 /* TLSavedState.m */ = {isa = PBXFileReference; fileEncoding = 4; lastKnownFileType = sourcecode.c.objc; path = TLSavedState.m; sourceTree = "<group>"; };
		034041C610569BAA004B4909 /* TLCustomDrawnTableViewCell.h */ = {isa = PBXFileReference; fileEncoding = 4; lastKnownFileType = sourcecode.c.h; path = TLCustomDrawnTableViewCell.h; sourceTree = "<group>"; };
		034041C710569BAA004B4909 /* TLCustomDrawnTableViewCell.m */ = {isa = PBXFileReference; fileEncoding = 4; lastKnownFileType = sourcecode.c.objc; path = TLCustomDrawnTableViewCell.m; sourceTree = "<group>"; };
		0340434F1056F401004B4909 /* TLNonBlockingCache.h */ = {isa = PBXFileReference; fileEncoding = 4; lastKnownFileType = sourcecode.c.h; path = TLNonBlockingCache.h; sourceTree = "<group>"; };
		034043501056F401004B4909 /* TLNonBlockingCache.m */ = {isa = PBXFileReference; fileEncoding = 4; lastKnownFileType = sourcecode.c.objc; path = TLNonBlockingCache.m; sourceTree = "<group>"; };
		034043551056F415004B4909 /* TLNonBlockingCacheDelegate.h */ = {isa = PBXFileReference; fileEncoding = 4; lastKnownFileType = sourcecode.c.h; path = TLNonBlockingCacheDelegate.h; sourceTree = "<group>"; };
		034043581056F6B7004B4909 /* NSString_TLCommon.h */ = {isa = PBXFileReference; fileEncoding = 4; lastKnownFileType = sourcecode.c.h; path = NSString_TLCommon.h; sourceTree = "<group>"; };
		034043591056F6B7004B4909 /* NSString_TLCommon.m */ = {isa = PBXFileReference; fileEncoding = 4; lastKnownFileType = sourcecode.c.objc; path = NSString_TLCommon.m; sourceTree = "<group>"; };
		0340435E1056F72C004B4909 /* NSFileManager_TLCommon.h */ = {isa = PBXFileReference; fileEncoding = 4; lastKnownFileType = sourcecode.c.h; path = NSFileManager_TLCommon.h; sourceTree = "<group>"; };
		0340435F1056F72C004B4909 /* NSFileManager_TLCommon.m */ = {isa = PBXFileReference; fileEncoding = 4; lastKnownFileType = sourcecode.c.objc; path = NSFileManager_TLCommon.m; sourceTree = "<group>"; };
		034043D910570F2E004B4909 /* TLScrollingSegmentedControl.h */ = {isa = PBXFileReference; fileEncoding = 4; lastKnownFileType = sourcecode.c.h; path = TLScrollingSegmentedControl.h; sourceTree = "<group>"; };
		034043DA10570F2E004B4909 /* TLScrollingSegmentedControl.m */ = {isa = PBXFileReference; fileEncoding = 4; lastKnownFileType = sourcecode.c.objc; path = TLScrollingSegmentedControl.m; sourceTree = "<group>"; };
		034043DD10570F4E004B4909 /* TLScrollingSegmentedControlDelegate.h */ = {isa = PBXFileReference; fileEncoding = 4; lastKnownFileType = sourcecode.c.h; path = TLScrollingSegmentedControlDelegate.h; sourceTree = "<group>"; };
		034043E21057102D004B4909 /* QuartzCore.framework */ = {isa = PBXFileReference; lastKnownFileType = wrapper.framework; name = QuartzCore.framework; path = /System/Library/Frameworks/QuartzCore.framework; sourceTree = "<absolute>"; };
		0340444310571719004B4909 /* NSDictionary_TLCommon.h */ = {isa = PBXFileReference; fileEncoding = 4; lastKnownFileType = sourcecode.c.h; path = NSDictionary_TLCommon.h; sourceTree = "<group>"; };
		0340444410571719004B4909 /* NSDictionary_TLCommon.m */ = {isa = PBXFileReference; fileEncoding = 4; lastKnownFileType = sourcecode.c.objc; path = NSDictionary_TLCommon.m; sourceTree = "<group>"; };
		0340445010571BE0004B4909 /* NSDate_TLCommon.h */ = {isa = PBXFileReference; fileEncoding = 4; lastKnownFileType = sourcecode.c.h; path = NSDate_TLCommon.h; sourceTree = "<group>"; };
		0340445110571BE0004B4909 /* NSDate_TLCommon.m */ = {isa = PBXFileReference; fileEncoding = 4; lastKnownFileType = sourcecode.c.objc; path = NSDate_TLCommon.m; sourceTree = "<group>"; };
		034E01E710A2003D0021D494 /* TLTwitterClient.h */ = {isa = PBXFileReference; fileEncoding = 4; lastKnownFileType = sourcecode.c.h; path = TLTwitterClient.h; sourceTree = "<group>"; };
		034E01E810A2003D0021D494 /* TLTwitterClient.m */ = {isa = PBXFileReference; fileEncoding = 4; lastKnownFileType = sourcecode.c.objc; path = TLTwitterClient.m; sourceTree = "<group>"; };
		034E0DD810A9C4440021D494 /* TLActionSheetController.h */ = {isa = PBXFileReference; fileEncoding = 4; lastKnownFileType = sourcecode.c.h; path = TLActionSheetController.h; sourceTree = "<group>"; };
		034E0DD910A9C4440021D494 /* TLActionSheetController.m */ = {isa = PBXFileReference; fileEncoding = 4; lastKnownFileType = sourcecode.c.objc; path = TLActionSheetController.m; sourceTree = "<group>"; };
		03509432108B756500DE1475 /* TLLoadingView.h */ = {isa = PBXFileReference; fileEncoding = 4; lastKnownFileType = sourcecode.c.h; path = TLLoadingView.h; sourceTree = "<group>"; };
		03509433108B756500DE1475 /* TLLoadingView.m */ = {isa = PBXFileReference; fileEncoding = 4; lastKnownFileType = sourcecode.c.objc; path = TLLoadingView.m; sourceTree = "<group>"; };
		0354CF4110911EC400A24522 /* TLMacros.h */ = {isa = PBXFileReference; fileEncoding = 4; lastKnownFileType = sourcecode.c.h; path = TLMacros.h; sourceTree = "<group>"; };
		0370D65E1082047F002A46BB /* UIImageView_TLCommon.h */ = {isa = PBXFileReference; fileEncoding = 4; lastKnownFileType = sourcecode.c.h; path = UIImageView_TLCommon.h; sourceTree = "<group>"; };
		0370D65F1082047F002A46BB /* UIImageView_TLCommon.m */ = {isa = PBXFileReference; fileEncoding = 4; lastKnownFileType = sourcecode.c.objc; path = UIImageView_TLCommon.m; sourceTree = "<group>"; };
		037C7C35107D83E50009B2FE /* TLTableViewCell.h */ = {isa = PBXFileReference; fileEncoding = 4; lastKnownFileType = sourcecode.c.h; path = TLTableViewCell.h; sourceTree = "<group>"; };
		037C7C36107D83E50009B2FE /* TLTableViewCell.m */ = {isa = PBXFileReference; fileEncoding = 4; lastKnownFileType = sourcecode.c.objc; path = TLTableViewCell.m; sourceTree = "<group>"; };
		0383494C105928F300BFBBC7 /* UIAlertView_TLCommon.h */ = {isa = PBXFileReference; fileEncoding = 4; lastKnownFileType = sourcecode.c.h; path = UIAlertView_TLCommon.h; sourceTree = "<group>"; };
		0383494D105928F300BFBBC7 /* UIAlertView_TLCommon.m */ = {isa = PBXFileReference; fileEncoding = 4; lastKnownFileType = sourcecode.c.objc; path = UIAlertView_TLCommon.m; sourceTree = "<group>"; };
		038349C11059375E00BFBBC7 /* NSData_TLCommon.h */ = {isa = PBXFileReference; fileEncoding = 4; lastKnownFileType = sourcecode.c.h; path = NSData_TLCommon.h; sourceTree = "<group>"; };
		038349C21059375E00BFBBC7 /* NSData_TLCommon.m */ = {isa = PBXFileReference; fileEncoding = 4; lastKnownFileType = sourcecode.c.objc; path = NSData_TLCommon.m; sourceTree = "<group>"; };
		03834AB410594DFB00BFBBC7 /* UIBarButtonItem_TLCommon.h */ = {isa = PBXFileReference; fileEncoding = 4; lastKnownFileType = sourcecode.c.h; path = UIBarButtonItem_TLCommon.h; sourceTree = "<group>"; };
		03834AB510594DFB00BFBBC7 /* UIBarButtonItem_TLCommon.m */ = {isa = PBXFileReference; fileEncoding = 4; lastKnownFileType = sourcecode.c.objc; path = UIBarButtonItem_TLCommon.m; sourceTree = "<group>"; };
		03834B31105976FB00BFBBC7 /* TLModalActivityIndicatorView.h */ = {isa = PBXFileReference; fileEncoding = 4; lastKnownFileType = sourcecode.c.h; path = TLModalActivityIndicatorView.h; sourceTree = "<group>"; };
		03834B32105976FB00BFBBC7 /* TLModalActivityIndicatorView.m */ = {isa = PBXFileReference; fileEncoding = 4; lastKnownFileType = sourcecode.c.objc; path = TLModalActivityIndicatorView.m; sourceTree = "<group>"; };
		038800D31078D6B100AF568C /* UIColor_TLCommon.h */ = {isa = PBXFileReference; fileEncoding = 4; lastKnownFileType = sourcecode.c.h; path = UIColor_TLCommon.h; sourceTree = "<group>"; };
		038800D41078D6B100AF568C /* UIColor_TLCommon.m */ = {isa = PBXFileReference; fileEncoding = 4; lastKnownFileType = sourcecode.c.objc; path = UIColor_TLCommon.m; sourceTree = "<group>"; };
		0395E19C1086669C00F6F0F8 /* TLDrawnText.h */ = {isa = PBXFileReference; fileEncoding = 4; lastKnownFileType = sourcecode.c.h; path = TLDrawnText.h; sourceTree = "<group>"; };
		0395E19D1086669C00F6F0F8 /* TLDrawnText.m */ = {isa = PBXFileReference; fileEncoding = 4; lastKnownFileType = sourcecode.c.objc; path = TLDrawnText.m; sourceTree = "<group>"; };
		0395E591108768A400F6F0F8 /* UITableViewCell_TLCommon.h */ = {isa = PBXFileReference; fileEncoding = 4; lastKnownFileType = sourcecode.c.h; path = UITableViewCell_TLCommon.h; sourceTree = "<group>"; };
		0395E592108768A400F6F0F8 /* UITableViewCell_TLCommon.m */ = {isa = PBXFileReference; fileEncoding = 4; lastKnownFileType = sourcecode.c.objc; path = UITableViewCell_TLCommon.m; sourceTree = "<group>"; };
		0395EC9B108932B600F6F0F8 /* NSMutableString_TLCommon.h */ = {isa = PBXFileReference; fileEncoding = 4; lastKnownFileType = sourcecode.c.h; path = NSMutableString_TLCommon.h; sourceTree = "<group>"; };
		0395EC9C108932B600F6F0F8 /* NSMutableString_TLCommon.m */ = {isa = PBXFileReference; fileEncoding = 4; lastKnownFileType = sourcecode.c.objc; path = NSMutableString_TLCommon.m; sourceTree = "<group>"; };
		03C62F1010627062006537EF /* NSMutableDictionary_TLCommon.h */ = {isa = PBXFileReference; fileEncoding = 4; lastKnownFileType = sourcecode.c.h; path = NSMutableDictionary_TLCommon.h; sourceTree = "<group>"; };
		03C62F1110627062006537EF /* NSMutableDictionary_TLCommon.m */ = {isa = PBXFileReference; fileEncoding = 4; lastKnownFileType = sourcecode.c.objc; path = NSMutableDictionary_TLCommon.m; sourceTree = "<group>"; };
		03C62F3F1062812E006537EF /* UIActivityIndicatorView_TLCommon.h */ = {isa = PBXFileReference; fileEncoding = 4; lastKnownFileType = sourcecode.c.h; path = UIActivityIndicatorView_TLCommon.h; sourceTree = "<group>"; };
		03C62F401062812E006537EF /* UIActivityIndicatorView_TLCommon.m */ = {isa = PBXFileReference; fileEncoding = 4; lastKnownFileType = sourcecode.c.objc; path = UIActivityIndicatorView_TLCommon.m; sourceTree = "<group>"; };
		03D9DF16104BFEDA00B1BA77 /* UIViewController_TLCommon.h */ = {isa = PBXFileReference; fileEncoding = 4; lastKnownFileType = sourcecode.c.h; path = UIViewController_TLCommon.h; sourceTree = "<group>"; };
		03D9DF17104BFEDA00B1BA77 /* UIViewController_TLCommon.m */ = {isa = PBXFileReference; fileEncoding = 4; lastKnownFileType = sourcecode.c.objc; path = UIViewController_TLCommon.m; sourceTree = "<group>"; };
		03D9DF28104C03B900B1BA77 /* CGGeometry_TLCommon.h */ = {isa = PBXFileReference; fileEncoding = 4; lastKnownFileType = sourcecode.c.h; path = CGGeometry_TLCommon.h; sourceTree = "<group>"; };
		03DA9B9110978AC3005A34B2 /* TLWebViewController.h */ = {isa = PBXFileReference; fileEncoding = 4; lastKnownFileType = sourcecode.c.h; path = TLWebViewController.h; sourceTree = "<group>"; };
		03DA9B9210978AC3005A34B2 /* TLWebViewController.m */ = {isa = PBXFileReference; fileEncoding = 4; lastKnownFileType = sourcecode.c.objc; path = TLWebViewController.m; sourceTree = "<group>"; };
		03DA9B9C10978E19005A34B2 /* UIWebView_TLCommon.h */ = {isa = PBXFileReference; fileEncoding = 4; lastKnownFileType = sourcecode.c.h; path = UIWebView_TLCommon.h; sourceTree = "<group>"; };
		03DA9B9D10978E19005A34B2 /* UIWebView_TLCommon.m */ = {isa = PBXFileReference; fileEncoding = 4; lastKnownFileType = sourcecode.c.objc; path = UIWebView_TLCommon.m; sourceTree = "<group>"; };
		03DE4774108255EF00BE3F59 /* UIFont_TLCommon.h */ = {isa = PBXFileReference; fileEncoding = 4; lastKnownFileType = sourcecode.c.h; path = UIFont_TLCommon.h; sourceTree = "<group>"; };
		03DE4775108255EF00BE3F59 /* UIFont_TLCommon.m */ = {isa = PBXFileReference; fileEncoding = 4; lastKnownFileType = sourcecode.c.objc; path = UIFont_TLCommon.m; sourceTree = "<group>"; };
		03E0624B106A470F00875DD4 /* TLRand.h */ = {isa = PBXFileReference; fileEncoding = 4; lastKnownFileType = sourcecode.c.h; path = TLRand.h; sourceTree = "<group>"; };
		03E0624C106A470F00875DD4 /* TLRand.m */ = {isa = PBXFileReference; fileEncoding = 4; lastKnownFileType = sourcecode.c.objc; path = TLRand.m; sourceTree = "<group>"; };
		03E13CE4105FBF8400D7D936 /* UITableView_TLCommon.h */ = {isa = PBXFileReference; fileEncoding = 4; lastKnownFileType = sourcecode.c.h; path = UITableView_TLCommon.h; sourceTree = "<group>"; };
		03E13CE5105FBF8400D7D936 /* UITableView_TLCommon.m */ = {isa = PBXFileReference; fileEncoding = 4; lastKnownFileType = sourcecode.c.objc; path = UITableView_TLCommon.m; sourceTree = "<group>"; };
		03E141FF106135B100D7D936 /* CLLocation_TLCommon.h */ = {isa = PBXFileReference; fileEncoding = 4; lastKnownFileType = sourcecode.c.h; path = CLLocation_TLCommon.h; sourceTree = "<group>"; };
		03E14200106135B100D7D936 /* CLLocation_TLCommon.m */ = {isa = PBXFileReference; fileEncoding = 4; lastKnownFileType = sourcecode.c.objc; path = CLLocation_TLCommon.m; sourceTree = "<group>"; };
		03E142051061362E00D7D936 /* CoreLocation.framework */ = {isa = PBXFileReference; lastKnownFileType = wrapper.framework; name = CoreLocation.framework; path = /System/Library/Frameworks/CoreLocation.framework; sourceTree = "<absolute>"; };
		03F0EC29109BB21000B938CA /* TLActionSheet.h */ = {isa = PBXFileReference; fileEncoding = 4; lastKnownFileType = sourcecode.c.h; path = TLActionSheet.h; sourceTree = "<group>"; };
		03F0EC2A109BB21000B938CA /* TLActionSheet.m */ = {isa = PBXFileReference; fileEncoding = 4; lastKnownFileType = sourcecode.c.objc; path = TLActionSheet.m; sourceTree = "<group>"; };
		03F0EF80109FAE0A00B938CA /* TLBloomFilter.m */ = {isa = PBXFileReference; fileEncoding = 4; lastKnownFileType = sourcecode.c.objc; path = TLBloomFilter.m; sourceTree = "<group>"; };
		03F0EF81109FAE0A00B938CA /* TLBloomFilter.h */ = {isa = PBXFileReference; fileEncoding = 4; lastKnownFileType = sourcecode.c.h; path = TLBloomFilter.h; sourceTree = "<group>"; };
		03F0EFBC109FB6FA00B938CA /* UnitTests.octest */ = {isa = PBXFileReference; explicitFileType = wrapper.cfbundle; includeInIndex = 0; path = UnitTests.octest; sourceTree = BUILT_PRODUCTS_DIR; };
		03F0EFBD109FB6FA00B938CA /* UnitTests-Info.plist */ = {isa = PBXFileReference; lastKnownFileType = text.plist.xml; path = "UnitTests-Info.plist"; sourceTree = "<group>"; };
		03F0EFC1109FB72600B938CA /* TestTLBloomFilter.h */ = {isa = PBXFileReference; fileEncoding = 4; lastKnownFileType = sourcecode.c.h; path = TestTLBloomFilter.h; sourceTree = "<group>"; };
		03F0EFC2109FB72600B938CA /* TestTLBloomFilter.m */ = {isa = PBXFileReference; fileEncoding = 4; lastKnownFileType = sourcecode.c.objc; path = TestTLBloomFilter.m; sourceTree = "<group>"; };
		03FD542B10C45BBF001B3304 /* NSBundle_TLCommon.h */ = {isa = PBXFileReference; fileEncoding = 4; lastKnownFileType = sourcecode.c.h; path = NSBundle_TLCommon.h; sourceTree = "<group>"; };
		03FD542C10C45BBF001B3304 /* NSBundle_TLCommon.m */ = {isa = PBXFileReference; fileEncoding = 4; lastKnownFileType = sourcecode.c.objc; path = NSBundle_TLCommon.m; sourceTree = "<group>"; };
		03FE415810518C11003ACE50 /* UITabBarItem_TLCommon.h */ = {isa = PBXFileReference; fileEncoding = 4; lastKnownFileType = sourcecode.c.h; path = UITabBarItem_TLCommon.h; sourceTree = "<group>"; };
		03FE415910518C11003ACE50 /* UITabBarItem_TLCommon.m */ = {isa = PBXFileReference; fileEncoding = 4; lastKnownFileType = sourcecode.c.objc; path = UITabBarItem_TLCommon.m; sourceTree = "<group>"; };
		AA747D9E0F9514B9006C5449 /* TLCommon_Prefix.pch */ = {isa = PBXFileReference; fileEncoding = 4; lastKnownFileType = sourcecode.c.h; path = TLCommon_Prefix.pch; sourceTree = SOURCE_ROOT; };
		AACBBE490F95108600F1A2B1 /* Foundation.framework */ = {isa = PBXFileReference; lastKnownFileType = wrapper.framework; name = Foundation.framework; path = System/Library/Frameworks/Foundation.framework; sourceTree = SDKROOT; };
		D2AAC07E0554694100DB518D /* libTLCommon.a */ = {isa = PBXFileReference; explicitFileType = archive.ar; includeInIndex = 0; path = libTLCommon.a; sourceTree = BUILT_PRODUCTS_DIR; };
/* End PBXFileReference section */

/* Begin PBXFrameworksBuildPhase section */
		03F0EFB9109FB6FA00B938CA /* Frameworks */ = {
			isa = PBXFrameworksBuildPhase;
			buildActionMask = 2147483647;
			files = (
			);
			runOnlyForDeploymentPostprocessing = 0;
		};
		D2AAC07C0554694100DB518D /* Frameworks */ = {
			isa = PBXFrameworksBuildPhase;
			buildActionMask = 2147483647;
			files = (
				AACBBE4A0F95108600F1A2B1 /* Foundation.framework in Frameworks */,
				034043E31057102D004B4909 /* QuartzCore.framework in Frameworks */,
				03E142061061362E00D7D936 /* CoreLocation.framework in Frameworks */,
			);
			runOnlyForDeploymentPostprocessing = 0;
		};
/* End PBXFrameworksBuildPhase section */

/* Begin PBXGroup section */
		03060785105AA74E00A3E14E /* Simple inline functions */ = {
			isa = PBXGroup;
			children = (
				03D9DF28104C03B900B1BA77 /* CGGeometry_TLCommon.h */,
				0306078A105AA77600A3E14E /* BOOL_TLCommon.h */,
				0354CF4110911EC400A24522 /* TLMacros.h */,
			);
			name = "Simple inline functions";
			sourceTree = "<group>";
		};
		03166A6C109626C300C628BB /* Styled text drawing */ = {
			isa = PBXGroup;
			children = (
				03166A6D1096274200C628BB /* TLStyledTextFragment.h */,
				03166A6E1096274200C628BB /* TLStyledTextFragment.m */,
				03166A711096277A00C628BB /* TLStyledTextStyle.h */,
				03166A721096277A00C628BB /* TLStyledTextStyle.m */,
				03166A75109628AB00C628BB /* TLStyledTextBlock.h */,
				03166A76109628AB00C628BB /* TLStyledTextBlock.m */,
			);
			name = "Styled text drawing";
			sourceTree = "<group>";
		};
		034040921055C35F004B4909 /* Models */ = {
			isa = PBXGroup;
			children = (
				03166A6C109626C300C628BB /* Styled text drawing */,
				034040931055C375004B4909 /* TLSavedState.h */,
				034040941055C375004B4909 /* TLSavedState.m */,
				0340434F1056F401004B4909 /* TLNonBlockingCache.h */,
				034043501056F401004B4909 /* TLNonBlockingCache.m */,
				03060794105AA7DE00A3E14E /* TLMersenneTwister.h */,
				03060795105AA7DE00A3E14E /* TLMersenneTwister.m */,
				03E0624B106A470F00875DD4 /* TLRand.h */,
				03E0624C106A470F00875DD4 /* TLRand.m */,
				0395E19C1086669C00F6F0F8 /* TLDrawnText.h */,
				0395E19D1086669C00F6F0F8 /* TLDrawnText.m */,
				03F0EF81109FAE0A00B938CA /* TLBloomFilter.h */,
				03F0EF80109FAE0A00B938CA /* TLBloomFilter.m */,
				034E01E710A2003D0021D494 /* TLTwitterClient.h */,
				034E01E810A2003D0021D494 /* TLTwitterClient.m */,
			);
			name = Models;
			sourceTree = "<group>";
		};
		034041C510569B80004B4909 /* Views */ = {
			isa = PBXGroup;
			children = (
				03509431108B754600DE1475 /* Table view cells */,
				034043D910570F2E004B4909 /* TLScrollingSegmentedControl.h */,
				034043DA10570F2E004B4909 /* TLScrollingSegmentedControl.m */,
				03834B31105976FB00BFBBC7 /* TLModalActivityIndicatorView.h */,
				03834B32105976FB00BFBBC7 /* TLModalActivityIndicatorView.m */,
				03509432108B756500DE1475 /* TLLoadingView.h */,
				03509433108B756500DE1475 /* TLLoadingView.m */,
				03F0EC29109BB21000B938CA /* TLActionSheet.h */,
				03F0EC2A109BB21000B938CA /* TLActionSheet.m */,
			);
			name = Views;
			sourceTree = "<group>";
		};
		034043531056F407004B4909 /* Protocols */ = {
			isa = PBXGroup;
			children = (
				034043551056F415004B4909 /* TLNonBlockingCacheDelegate.h */,
				034043DD10570F4E004B4909 /* TLScrollingSegmentedControlDelegate.h */,
			);
			name = Protocols;
			sourceTree = "<group>";
		};
		034768DFFF38A50411DB9C8B /* Products */ = {
			isa = PBXGroup;
			children = (
				D2AAC07E0554694100DB518D /* libTLCommon.a */,
				03F0EFBC109FB6FA00B938CA /* UnitTests.octest */,
			);
			name = Products;
			sourceTree = "<group>";
		};
		03509431108B754600DE1475 /* Table view cells */ = {
			isa = PBXGroup;
			children = (
				0332087810ADF937005D4FD6 /* TLEditInPlaceTableViewCell.h */,
				0332087910ADF937005D4FD6 /* TLEditInPlaceTableViewCell.m */,
				037C7C35107D83E50009B2FE /* TLTableViewCell.h */,
				037C7C36107D83E50009B2FE /* TLTableViewCell.m */,
				034041C610569BAA004B4909 /* TLCustomDrawnTableViewCell.h */,
				034041C710569BAA004B4909 /* TLCustomDrawnTableViewCell.m */,
			);
			name = "Table view cells";
			sourceTree = "<group>";
		};
		03DA9B8810978A68005A34B2 /* Controllers */ = {
			isa = PBXGroup;
			children = (
				03DA9B9110978AC3005A34B2 /* TLWebViewController.h */,
				03DA9B9210978AC3005A34B2 /* TLWebViewController.m */,
				034E0DD810A9C4440021D494 /* TLActionSheetController.h */,
				034E0DD910A9C4440021D494 /* TLActionSheetController.m */,
			);
			name = Controllers;
			sourceTree = "<group>";
		};
		03F0EFB6109FB6C300B938CA /* UnitTests */ = {
			isa = PBXGroup;
			children = (
				03F0EFC1109FB72600B938CA /* TestTLBloomFilter.h */,
				03F0EFC2109FB72600B938CA /* TestTLBloomFilter.m */,
			);
			name = UnitTests;
			sourceTree = "<group>";
		};
		03FE415610518BBC003ACE50 /* View extensions */ = {
			isa = PBXGroup;
			children = (
				0383494C105928F300BFBBC7 /* UIAlertView_TLCommon.h */,
				0383494D105928F300BFBBC7 /* UIAlertView_TLCommon.m */,
				03E13CE4105FBF8400D7D936 /* UITableView_TLCommon.h */,
				03E13CE5105FBF8400D7D936 /* UITableView_TLCommon.m */,
				03C62F3F1062812E006537EF /* UIActivityIndicatorView_TLCommon.h */,
				03C62F401062812E006537EF /* UIActivityIndicatorView_TLCommon.m */,
				0370D65E1082047F002A46BB /* UIImageView_TLCommon.h */,
				0370D65F1082047F002A46BB /* UIImageView_TLCommon.m */,
				0395E591108768A400F6F0F8 /* UITableViewCell_TLCommon.h */,
				0395E592108768A400F6F0F8 /* UITableViewCell_TLCommon.m */,
				03DA9B9C10978E19005A34B2 /* UIWebView_TLCommon.h */,
				03DA9B9D10978E19005A34B2 /* UIWebView_TLCommon.m */,
			);
			name = "View extensions";
			sourceTree = "<group>";
		};
		03FE415710518BEF003ACE50 /* Model extensions */ = {
			isa = PBXGroup;
			children = (
				03FE415810518C11003ACE50 /* UITabBarItem_TLCommon.h */,
				03FE415910518C11003ACE50 /* UITabBarItem_TLCommon.m */,
				0313024A1055708A00189879 /* UIImage_TLCommon.h */,
				0313024B1055708A00189879 /* UIImage_TLCommon.m */,
				034043581056F6B7004B4909 /* NSString_TLCommon.h */,
				034043591056F6B7004B4909 /* NSString_TLCommon.m */,
				0340435E1056F72C004B4909 /* NSFileManager_TLCommon.h */,
				0340435F1056F72C004B4909 /* NSFileManager_TLCommon.m */,
				0340444310571719004B4909 /* NSDictionary_TLCommon.h */,
				0340444410571719004B4909 /* NSDictionary_TLCommon.m */,
				0340445010571BE0004B4909 /* NSDate_TLCommon.h */,
				0340445110571BE0004B4909 /* NSDate_TLCommon.m */,
				038349C11059375E00BFBBC7 /* NSData_TLCommon.h */,
				038349C21059375E00BFBBC7 /* NSData_TLCommon.m */,
				03834AB410594DFB00BFBBC7 /* UIBarButtonItem_TLCommon.h */,
				03834AB510594DFB00BFBBC7 /* UIBarButtonItem_TLCommon.m */,
				030606AF105A83EC00A3E14E /* UIApplication_TLCommon.h */,
				030606B0105A83EC00A3E14E /* UIApplication_TLCommon.m */,
				03E141FF106135B100D7D936 /* CLLocation_TLCommon.h */,
				03E14200106135B100D7D936 /* CLLocation_TLCommon.m */,
				03C62F1010627062006537EF /* NSMutableDictionary_TLCommon.h */,
				03C62F1110627062006537EF /* NSMutableDictionary_TLCommon.m */,
				033FBD801070F89800BD4D83 /* CGContext_TLCommon.h */,
				033FBD811070F89800BD4D83 /* CGContext_TLCommon.m */,
				038800D31078D6B100AF568C /* UIColor_TLCommon.h */,
				038800D41078D6B100AF568C /* UIColor_TLCommon.m */,
				03DE4774108255EF00BE3F59 /* UIFont_TLCommon.h */,
				03DE4775108255EF00BE3F59 /* UIFont_TLCommon.m */,
				03233F221084D2DF00743A22 /* NSMutableArray_TLCommon.h */,
				03233F231084D2DF00743A22 /* NSMutableArray_TLCommon.m */,
				0395EC9B108932B600F6F0F8 /* NSMutableString_TLCommon.h */,
				0395EC9C108932B600F6F0F8 /* NSMutableString_TLCommon.m */,
				03FD542B10C45BBF001B3304 /* NSBundle_TLCommon.h */,
				03FD542C10C45BBF001B3304 /* NSBundle_TLCommon.m */,
			);
			name = "Model extensions";
			sourceTree = "<group>";
		};
		03FE415C10518C87003ACE50 /* Controller extensions */ = {
			isa = PBXGroup;
			children = (
				03D9DF16104BFEDA00B1BA77 /* UIViewController_TLCommon.h */,
				03D9DF17104BFEDA00B1BA77 /* UIViewController_TLCommon.m */,
			);
			name = "Controller extensions";
			sourceTree = "<group>";
		};
		0867D691FE84028FC02AAC07 /* TLCommon */ = {
			isa = PBXGroup;
			children = (
				08FB77AEFE84172EC02AAC07 /* Classes */,
				32C88DFF0371C24200C91783 /* Other Sources */,
				0867D69AFE84028FC02AAC07 /* Frameworks */,
				034768DFFF38A50411DB9C8B /* Products */,
				03F0EFBD109FB6FA00B938CA /* UnitTests-Info.plist */,
			);
			comments = "Development target is to be used when developing the TLCommon library; it does things like run the slower unit tests and does extra logging.";
			name = TLCommon;
			sourceTree = "<group>";
		};
		0867D69AFE84028FC02AAC07 /* Frameworks */ = {
			isa = PBXGroup;
			children = (
				AACBBE490F95108600F1A2B1 /* Foundation.framework */,
				034043E21057102D004B4909 /* QuartzCore.framework */,
				03E142051061362E00D7D936 /* CoreLocation.framework */,
			);
			name = Frameworks;
			sourceTree = "<group>";
		};
		08FB77AEFE84172EC02AAC07 /* Classes */ = {
			isa = PBXGroup;
			children = (
				03F0EFB6109FB6C300B938CA /* UnitTests */,
				03060785105AA74E00A3E14E /* Simple inline functions */,
				034043531056F407004B4909 /* Protocols */,
				034041C510569B80004B4909 /* Views */,
				03DA9B8810978A68005A34B2 /* Controllers */,
				034040921055C35F004B4909 /* Models */,
				03FE415C10518C87003ACE50 /* Controller extensions */,
				03FE415710518BEF003ACE50 /* Model extensions */,
				03FE415610518BBC003ACE50 /* View extensions */,
				0313024E1055709700189879 /* TLCommon.h */,
			);
			name = Classes;
			sourceTree = "<group>";
		};
		32C88DFF0371C24200C91783 /* Other Sources */ = {
			isa = PBXGroup;
			children = (
				AA747D9E0F9514B9006C5449 /* TLCommon_Prefix.pch */,
			);
			name = "Other Sources";
			sourceTree = "<group>";
		};
/* End PBXGroup section */

/* Begin PBXHeadersBuildPhase section */
		D2AAC07A0554694100DB518D /* Headers */ = {
			isa = PBXHeadersBuildPhase;
			buildActionMask = 2147483647;
			files = (
				AA747D9F0F9514B9006C5449 /* TLCommon_Prefix.pch in Headers */,
				03D9DF18104BFEDA00B1BA77 /* UIViewController_TLCommon.h in Headers */,
				03FE415A10518C11003ACE50 /* UITabBarItem_TLCommon.h in Headers */,
				0313024C1055708A00189879 /* UIImage_TLCommon.h in Headers */,
				0313024F1055709700189879 /* TLCommon.h in Headers */,
				034040951055C375004B4909 /* TLSavedState.h in Headers */,
				034041C810569BAA004B4909 /* TLCustomDrawnTableViewCell.h in Headers */,
				034043511056F401004B4909 /* TLNonBlockingCache.h in Headers */,
				034043571056F415004B4909 /* TLNonBlockingCacheDelegate.h in Headers */,
				0340435A1056F6B7004B4909 /* NSString_TLCommon.h in Headers */,
				034043601056F72C004B4909 /* NSFileManager_TLCommon.h in Headers */,
				034043DB10570F2E004B4909 /* TLScrollingSegmentedControl.h in Headers */,
				034043DE10570F4E004B4909 /* TLScrollingSegmentedControlDelegate.h in Headers */,
				0340444510571719004B4909 /* NSDictionary_TLCommon.h in Headers */,
				0340445210571BE0004B4909 /* NSDate_TLCommon.h in Headers */,
				0383494E105928F300BFBBC7 /* UIAlertView_TLCommon.h in Headers */,
				038349C31059375E00BFBBC7 /* NSData_TLCommon.h in Headers */,
				03834AB610594DFB00BFBBC7 /* UIBarButtonItem_TLCommon.h in Headers */,
				03834B33105976FB00BFBBC7 /* TLModalActivityIndicatorView.h in Headers */,
				030606B1105A83EC00A3E14E /* UIApplication_TLCommon.h in Headers */,
				0306078B105AA77600A3E14E /* BOOL_TLCommon.h in Headers */,
				03060796105AA7DE00A3E14E /* TLMersenneTwister.h in Headers */,
				03E13CE6105FBF8400D7D936 /* UITableView_TLCommon.h in Headers */,
				03E14201106135B100D7D936 /* CLLocation_TLCommon.h in Headers */,
				03C62F1210627062006537EF /* NSMutableDictionary_TLCommon.h in Headers */,
				03C62F411062812E006537EF /* UIActivityIndicatorView_TLCommon.h in Headers */,
				03E0624D106A470F00875DD4 /* TLRand.h in Headers */,
				033FBD821070F89800BD4D83 /* CGContext_TLCommon.h in Headers */,
				038800D51078D6B100AF568C /* UIColor_TLCommon.h in Headers */,
				037C7C37107D83E50009B2FE /* TLTableViewCell.h in Headers */,
				0370D6601082047F002A46BB /* UIImageView_TLCommon.h in Headers */,
				03DE4776108255EF00BE3F59 /* UIFont_TLCommon.h in Headers */,
				03233F241084D2DF00743A22 /* NSMutableArray_TLCommon.h in Headers */,
				0395E19E1086669C00F6F0F8 /* TLDrawnText.h in Headers */,
				0395E593108768A400F6F0F8 /* UITableViewCell_TLCommon.h in Headers */,
				0395EC9D108932B600F6F0F8 /* NSMutableString_TLCommon.h in Headers */,
				03509434108B756500DE1475 /* TLLoadingView.h in Headers */,
				0354CF4210911EC400A24522 /* TLMacros.h in Headers */,
				03166A6F1096274200C628BB /* TLStyledTextFragment.h in Headers */,
				03166A731096277A00C628BB /* TLStyledTextStyle.h in Headers */,
				03166A77109628AB00C628BB /* TLStyledTextBlock.h in Headers */,
				03DA9B9310978AC3005A34B2 /* TLWebViewController.h in Headers */,
				03DA9B9E10978E19005A34B2 /* UIWebView_TLCommon.h in Headers */,
				03F0EC2B109BB21000B938CA /* TLActionSheet.h in Headers */,
				03F0EF83109FAE0A00B938CA /* TLBloomFilter.h in Headers */,
			);
			runOnlyForDeploymentPostprocessing = 0;
		};
/* End PBXHeadersBuildPhase section */

/* Begin PBXNativeTarget section */
		03F0EFBB109FB6FA00B938CA /* UnitTests */ = {
			isa = PBXNativeTarget;
			buildConfigurationList = 03F0EFC0109FB6FB00B938CA /* Build configuration list for PBXNativeTarget "UnitTests" */;
			buildPhases = (
				03F0EFB7109FB6FA00B938CA /* Resources */,
				03F0EFB8109FB6FA00B938CA /* Sources */,
				03F0EFB9109FB6FA00B938CA /* Frameworks */,
				03F0EFBA109FB6FA00B938CA /* ShellScript */,
			);
			buildRules = (
			);
			dependencies = (
			);
			name = UnitTests;
			productName = UnitTests;
			productReference = 03F0EFBC109FB6FA00B938CA /* UnitTests.octest */;
			productType = "com.apple.product-type.bundle";
		};
		D2AAC07D0554694100DB518D /* TLCommon */ = {
			isa = PBXNativeTarget;
			buildConfigurationList = 1DEB921E08733DC00010E9CD /* Build configuration list for PBXNativeTarget "TLCommon" */;
			buildPhases = (
				D2AAC07A0554694100DB518D /* Headers */,
				D2AAC07B0554694100DB518D /* Sources */,
				D2AAC07C0554694100DB518D /* Frameworks */,
			);
			buildRules = (
			);
			dependencies = (
				03F0EFD5109FB82D00B938CA /* PBXTargetDependency */,
			);
			name = TLCommon;
			productName = TLCommon;
			productReference = D2AAC07E0554694100DB518D /* libTLCommon.a */;
			productType = "com.apple.product-type.library.static";
		};
/* End PBXNativeTarget section */

/* Begin PBXProject section */
		0867D690FE84028FC02AAC07 /* Project object */ = {
			isa = PBXProject;
			buildConfigurationList = 1DEB922208733DC00010E9CD /* Build configuration list for PBXProject "TLCommon" */;
			compatibilityVersion = "Xcode 3.1";
			hasScannedForEncodings = 1;
			mainGroup = 0867D691FE84028FC02AAC07 /* TLCommon */;
			productRefGroup = 034768DFFF38A50411DB9C8B /* Products */;
			projectDirPath = "";
			projectRoot = "";
			targets = (
				D2AAC07D0554694100DB518D /* TLCommon */,
				03F0EFBB109FB6FA00B938CA /* UnitTests */,
			);
		};
/* End PBXProject section */

/* Begin PBXResourcesBuildPhase section */
		03F0EFB7109FB6FA00B938CA /* Resources */ = {
			isa = PBXResourcesBuildPhase;
			buildActionMask = 2147483647;
			files = (
			);
			runOnlyForDeploymentPostprocessing = 0;
		};
/* End PBXResourcesBuildPhase section */

/* Begin PBXShellScriptBuildPhase section */
		03F0EFBA109FB6FA00B938CA /* ShellScript */ = {
			isa = PBXShellScriptBuildPhase;
			buildActionMask = 2147483647;
			files = (
			);
			inputPaths = (
			);
			outputPaths = (
			);
			runOnlyForDeploymentPostprocessing = 0;
			shellPath = /bin/sh;
			shellScript = "# Run the unit tests in this test bundle.\n\"${SYSTEM_DEVELOPER_DIR}/Tools/RunUnitTests\"\n";
		};
/* End PBXShellScriptBuildPhase section */

/* Begin PBXSourcesBuildPhase section */
		03F0EFB8109FB6FA00B938CA /* Sources */ = {
			isa = PBXSourcesBuildPhase;
			buildActionMask = 2147483647;
			files = (
				03F0EFC3109FB72600B938CA /* TestTLBloomFilter.m in Sources */,
				03F0EFFF109FBB0A00B938CA /* NSData_TLCommon.m in Sources */,
				03F0EFE5109FBA7F00B938CA /* TLBloomFilter.m in Sources */,
				034E0DDA10A9C4440021D494 /* TLActionSheetController.m in Sources */,
			);
			runOnlyForDeploymentPostprocessing = 0;
		};
		D2AAC07B0554694100DB518D /* Sources */ = {
			isa = PBXSourcesBuildPhase;
			buildActionMask = 2147483647;
			files = (
				033208B710ADFD18005D4FD6 /* TLEditInPlaceTableViewCell.m in Sources */,
				034E021510A210330021D494 /* TLTwitterClient.m in Sources */,
				03D9DF19104BFEDA00B1BA77 /* UIViewController_TLCommon.m in Sources */,
				034E0DFD10A9CCAF0021D494 /* TLActionSheetController.m in Sources */,
				03FE415B10518C11003ACE50 /* UITabBarItem_TLCommon.m in Sources */,
				0313024D1055708A00189879 /* UIImage_TLCommon.m in Sources */,
				034040961055C375004B4909 /* TLSavedState.m in Sources */,
				034041C910569BAA004B4909 /* TLCustomDrawnTableViewCell.m in Sources */,
				034043521056F401004B4909 /* TLNonBlockingCache.m in Sources */,
				0340435B1056F6B7004B4909 /* NSString_TLCommon.m in Sources */,
				034043611056F72C004B4909 /* NSFileManager_TLCommon.m in Sources */,
				034043DC10570F2E004B4909 /* TLScrollingSegmentedControl.m in Sources */,
				0340444610571719004B4909 /* NSDictionary_TLCommon.m in Sources */,
				0340445310571BE0004B4909 /* NSDate_TLCommon.m in Sources */,
				0383494F105928F300BFBBC7 /* UIAlertView_TLCommon.m in Sources */,
				038349C41059375E00BFBBC7 /* NSData_TLCommon.m in Sources */,
				03834AB710594DFB00BFBBC7 /* UIBarButtonItem_TLCommon.m in Sources */,
				03834B34105976FB00BFBBC7 /* TLModalActivityIndicatorView.m in Sources */,
				030606B2105A83EC00A3E14E /* UIApplication_TLCommon.m in Sources */,
				03060797105AA7DE00A3E14E /* TLMersenneTwister.m in Sources */,
				03E13CE7105FBF8400D7D936 /* UITableView_TLCommon.m in Sources */,
				03E14202106135B100D7D936 /* CLLocation_TLCommon.m in Sources */,
				03C62F1310627062006537EF /* NSMutableDictionary_TLCommon.m in Sources */,
				03C62F421062812E006537EF /* UIActivityIndicatorView_TLCommon.m in Sources */,
				03E0624E106A470F00875DD4 /* TLRand.m in Sources */,
				033FBD831070F89800BD4D83 /* CGContext_TLCommon.m in Sources */,
				038800D61078D6B100AF568C /* UIColor_TLCommon.m in Sources */,
				037C7C38107D83E50009B2FE /* TLTableViewCell.m in Sources */,
				0370D6611082047F002A46BB /* UIImageView_TLCommon.m in Sources */,
				03DE4777108255EF00BE3F59 /* UIFont_TLCommon.m in Sources */,
				03233F251084D2DF00743A22 /* NSMutableArray_TLCommon.m in Sources */,
				0395E19F1086669C00F6F0F8 /* TLDrawnText.m in Sources */,
				0395E594108768A400F6F0F8 /* UITableViewCell_TLCommon.m in Sources */,
				0395EC9E108932B600F6F0F8 /* NSMutableString_TLCommon.m in Sources */,
				03509435108B756500DE1475 /* TLLoadingView.m in Sources */,
				03166A701096274200C628BB /* TLStyledTextFragment.m in Sources */,
				03166A741096277A00C628BB /* TLStyledTextStyle.m in Sources */,
				03166A78109628AB00C628BB /* TLStyledTextBlock.m in Sources */,
				03DA9B9410978AC3005A34B2 /* TLWebViewController.m in Sources */,
				03DA9B9F10978E19005A34B2 /* UIWebView_TLCommon.m in Sources */,
				03F0EC2C109BB21000B938CA /* TLActionSheet.m in Sources */,
				03F0EF82109FAE0A00B938CA /* TLBloomFilter.m in Sources */,
				03FD548110C45EA3001B3304 /* NSBundle_TLCommon.m in Sources */,
			);
			runOnlyForDeploymentPostprocessing = 0;
		};
/* End PBXSourcesBuildPhase section */

/* Begin PBXTargetDependency section */
		03F0EFD5109FB82D00B938CA /* PBXTargetDependency */ = {
			isa = PBXTargetDependency;
			target = 03F0EFBB109FB6FA00B938CA /* UnitTests */;
			targetProxy = 03F0EFD4109FB82D00B938CA /* PBXContainerItemProxy */;
		};
/* End PBXTargetDependency section */

/* Begin XCBuildConfiguration section */
		034EF90710A067290021D494 /* Development */ = {
			isa = XCBuildConfiguration;
			buildSettings = {
				ARCHS = "$(ARCHS_STANDARD_32_BIT)";
				GCC_C_LANGUAGE_STANDARD = c99;
				GCC_OPTIMIZATION_LEVEL = 0;
				GCC_WARN_ABOUT_RETURN_TYPE = YES;
				GCC_WARN_UNUSED_VARIABLE = YES;
				OTHER_LDFLAGS = "-ObjC";
				PREBINDING = NO;
				SDKROOT = iphoneos3.0;
			};
			name = Development;
		};
		034EF90810A067290021D494 /* Development */ = {
			isa = XCBuildConfiguration;
			buildSettings = {
				ALWAYS_SEARCH_USER_PATHS = NO;
				ARCHS = "$(ARCHS_STANDARD_32_BIT)";
				COPY_PHASE_STRIP = NO;
				DSTROOT = /tmp/TLCommon.dst;
				GCC_DYNAMIC_NO_PIC = NO;
				GCC_ENABLE_FIX_AND_CONTINUE = YES;
				GCC_MODEL_TUNING = G5;
				GCC_OPTIMIZATION_LEVEL = 0;
				GCC_PRECOMPILE_PREFIX_HEADER = YES;
				GCC_PREFIX_HEADER = TLCommon_Prefix.pch;
				INSTALL_PATH = /usr/local/lib;
				PRODUCT_NAME = TLCommon;
			};
			name = Development;
		};
		034EF90910A067290021D494 /* Development */ = {
			isa = XCBuildConfiguration;
			buildSettings = {
				ALWAYS_SEARCH_USER_PATHS = NO;
				CODE_SIGN_IDENTITY = "iPhone Developer: Joshua Snyder (F6QW78PK6B)";
				COPY_PHASE_STRIP = NO;
				FRAMEWORK_SEARCH_PATHS = (
					"\"$(SDKROOT)/Developer/Library/Frameworks\"",
					"\"$(DEVELOPER_LIBRARY_DIR)/Frameworks\"",
				);
				GCC_DYNAMIC_NO_PIC = NO;
				GCC_ENABLE_FIX_AND_CONTINUE = NO;
				GCC_ENABLE_OBJC_EXCEPTIONS = YES;
				GCC_OPTIMIZATION_LEVEL = 0;
				GCC_PREFIX_HEADER = TLCommon_Prefix.pch;
				GCC_PREPROCESSOR_DEFINITIONS = (
					"TL_DEVELOPMENT=1",
					"TL_RUN_SLOW_TESTS=1",
				);
				INFOPLIST_FILE = "UnitTests-Info.plist";
				ONLY_ACTIVE_ARCH = NO;
				OTHER_LDFLAGS = (
					"-framework",
					Foundation,
					"-framework",
					SenTestingKit,
					"-framework",
					UIKit,
				);
				PREBINDING = NO;
				PRODUCT_NAME = UnitTests;
				SDKROOT = iphonesimulator3.0;
				WRAPPER_EXTENSION = octest;
			};
			name = Development;
		};
		03F0EFBE109FB6FB00B938CA /* Debug */ = {
			isa = XCBuildConfiguration;
			buildSettings = {
				ALWAYS_SEARCH_USER_PATHS = NO;
				CODE_SIGN_IDENTITY = "iPhone Developer: Joshua Snyder (F6QW78PK6B)";
				COPY_PHASE_STRIP = NO;
				FRAMEWORK_SEARCH_PATHS = (
					"\"$(SDKROOT)/Developer/Library/Frameworks\"",
					"\"$(DEVELOPER_LIBRARY_DIR)/Frameworks\"",
				);
				GCC_DYNAMIC_NO_PIC = NO;
				GCC_ENABLE_FIX_AND_CONTINUE = NO;
				GCC_ENABLE_OBJC_EXCEPTIONS = YES;
				GCC_OPTIMIZATION_LEVEL = 0;
				GCC_PREFIX_HEADER = TLCommon_Prefix.pch;
				GCC_PREPROCESSOR_DEFINITIONS = "";
				INFOPLIST_FILE = "UnitTests-Info.plist";
				ONLY_ACTIVE_ARCH = NO;
				OTHER_LDFLAGS = (
					"-framework",
					Foundation,
					"-framework",
					SenTestingKit,
					"-framework",
					UIKit,
				);
				PREBINDING = NO;
				PRODUCT_NAME = UnitTests;
				SDKROOT = iphonesimulator3.0;
				WRAPPER_EXTENSION = octest;
			};
			name = Debug;
		};
		03F0EFBF109FB6FB00B938CA /* Release */ = {
			isa = XCBuildConfiguration;
			buildSettings = {
				ALWAYS_SEARCH_USER_PATHS = NO;
				CODE_SIGN_IDENTITY = "iPhone Developer: Joshua Snyder (F6QW78PK6B)";
				COPY_PHASE_STRIP = YES;
				DEBUG_INFORMATION_FORMAT = "dwarf-with-dsym";
				FRAMEWORK_SEARCH_PATHS = (
					"\"$(SDKROOT)/Developer/Library/Frameworks\"",
					"\"$(DEVELOPER_LIBRARY_DIR)/Frameworks\"",
				);
				GCC_ENABLE_FIX_AND_CONTINUE = NO;
				GCC_ENABLE_OBJC_EXCEPTIONS = YES;
				GCC_PREFIX_HEADER = TLCommon_Prefix.pch;
				GCC_PREPROCESSOR_DEFINITIONS = "";
				INFOPLIST_FILE = "UnitTests-Info.plist";
				ONLY_ACTIVE_ARCH = NO;
				OTHER_LDFLAGS = (
					"-framework",
					Foundation,
					"-framework",
					SenTestingKit,
					"-framework",
					UIKit,
				);
				PREBINDING = NO;
				PRODUCT_NAME = UnitTests;
				SDKROOT = iphonesimulator3.0;
				WRAPPER_EXTENSION = octest;
				ZERO_LINK = NO;
			};
			name = Release;
		};
		1DEB921F08733DC00010E9CD /* Debug */ = {
			isa = XCBuildConfiguration;
			buildSettings = {
				ALWAYS_SEARCH_USER_PATHS = NO;
				ARCHS = "$(ARCHS_STANDARD_32_BIT)";
				COPY_PHASE_STRIP = NO;
				DSTROOT = /tmp/TLCommon.dst;
				GCC_DYNAMIC_NO_PIC = NO;
				GCC_ENABLE_FIX_AND_CONTINUE = YES;
				GCC_MODEL_TUNING = G5;
				GCC_OPTIMIZATION_LEVEL = 0;
				GCC_PRECOMPILE_PREFIX_HEADER = YES;
				GCC_PREFIX_HEADER = TLCommon_Prefix.pch;
				INSTALL_PATH = /usr/local/lib;
				PRODUCT_NAME = TLCommon;
			};
			name = Debug;
		};
		1DEB922008733DC00010E9CD /* Release */ = {
			isa = XCBuildConfiguration;
			buildSettings = {
				ALWAYS_SEARCH_USER_PATHS = NO;
				ARCHS = "$(ARCHS_STANDARD_32_BIT)";
				DSTROOT = /tmp/TLCommon.dst;
				GCC_MODEL_TUNING = G5;
				GCC_PRECOMPILE_PREFIX_HEADER = YES;
				GCC_PREFIX_HEADER = TLCommon_Prefix.pch;
				INSTALL_PATH = /usr/local/lib;
				PRODUCT_NAME = TLCommon;
			};
			name = Release;
		};
		1DEB922308733DC00010E9CD /* Debug */ = {
			isa = XCBuildConfiguration;
			buildSettings = {
				ARCHS = "$(ARCHS_STANDARD_32_BIT)";
				GCC_C_LANGUAGE_STANDARD = c99;
				GCC_OPTIMIZATION_LEVEL = 0;
				GCC_WARN_ABOUT_RETURN_TYPE = YES;
				GCC_WARN_UNUSED_VARIABLE = YES;
				OTHER_LDFLAGS = "-ObjC";
				PREBINDING = NO;
				SDKROOT = iphoneos3.0;
			};
			name = Debug;
		};
		1DEB922408733DC00010E9CD /* Release */ = {
			isa = XCBuildConfiguration;
			buildSettings = {
				ARCHS = "$(ARCHS_STANDARD_32_BIT)";
				GCC_C_LANGUAGE_STANDARD = c99;
				GCC_WARN_ABOUT_RETURN_TYPE = YES;
				GCC_WARN_UNUSED_VARIABLE = YES;
				OTHER_LDFLAGS = "-ObjC";
				PREBINDING = NO;
				SDKROOT = iphoneos3.0;
			};
			name = Release;
		};
/* End XCBuildConfiguration section */

/* Begin XCConfigurationList section */
		03F0EFC0109FB6FB00B938CA /* Build configuration list for PBXNativeTarget "UnitTests" */ = {
			isa = XCConfigurationList;
			buildConfigurations = (
				03F0EFBE109FB6FB00B938CA /* Debug */,
				034EF90910A067290021D494 /* Development */,
				03F0EFBF109FB6FB00B938CA /* Release */,
			);
			defaultConfigurationIsVisible = 0;
			defaultConfigurationName = Release;
		};
		1DEB921E08733DC00010E9CD /* Build configuration list for PBXNativeTarget "TLCommon" */ = {
			isa = XCConfigurationList;
			buildConfigurations = (
				1DEB921F08733DC00010E9CD /* Debug */,
				034EF90810A067290021D494 /* Development */,
				1DEB922008733DC00010E9CD /* Release */,
			);
			defaultConfigurationIsVisible = 0;
			defaultConfigurationName = Release;
		};
		1DEB922208733DC00010E9CD /* Build configuration list for PBXProject "TLCommon" */ = {
			isa = XCConfigurationList;
			buildConfigurations = (
				1DEB922308733DC00010E9CD /* Debug */,
				034EF90710A067290021D494 /* Development */,
				1DEB922408733DC00010E9CD /* Release */,
			);
			defaultConfigurationIsVisible = 0;
			defaultConfigurationName = Release;
		};
/* End XCConfigurationList section */
	};
	rootObject = 0867D690FE84028FC02AAC07 /* Project object */;
}
